
Microsoft Visual Studio Solution File, Format Version 12.00
# Visual Studio 15
Project("{FAE04EC0-301F-11D3-BF4B-00C04F79EFBC}") = "VR_Assignment2", "VR_Assignment2.csproj", "{63BF73A0-6212-73EC-A99E-094F4B3EB56E}"
EndProject
Project("{FAE04EC0-301F-11D3-BF4B-00C04F79EFBC}") = "VR_Assignment2.Plugins", "VR_Assignment2.Plugins.csproj", "{CAA263B4-45A7-0CCD-0947-97A4155743E7}"
EndProject
Project("{FAE04EC0-301F-11D3-BF4B-00C04F79EFBC}") = "VR_Assignment2.Editor", "VR_Assignment2.Editor.csproj", "{CADB7DA6-49F6-67A2-FFFD-5414D90EA120}"
EndProject
Global
	GlobalSection(SolutionConfigurationPlatforms) = preSolution
		Debug|Any CPU = Debug|Any CPU
		Release|Any CPU = Release|Any CPU
	EndGlobalSection
	GlobalSection(ProjectConfigurationPlatforms) = postSolution
		{63BF73A0-6212-73EC-A99E-094F4B3EB56E}.Debug|Any CPU.ActiveCfg = Debug|Any CPU
		{63BF73A0-6212-73EC-A99E-094F4B3EB56E}.Debug|Any CPU.Build.0 = Debug|Any CPU
		{63BF73A0-6212-73EC-A99E-094F4B3EB56E}.Release|Any CPU.ActiveCfg = Release|Any CPU
		{63BF73A0-6212-73EC-A99E-094F4B3EB56E}.Release|Any CPU.Build.0 = Release|Any CPU
		{CAA263B4-45A7-0CCD-0947-97A4155743E7}.Debug|Any CPU.ActiveCfg = Debug|Any CPU
		{CAA263B4-45A7-0CCD-0947-97A4155743E7}.Debug|Any CPU.Build.0 = Debug|Any CPU
		{CAA263B4-45A7-0CCD-0947-97A4155743E7}.Release|Any CPU.ActiveCfg = Release|Any CPU
		{CAA263B4-45A7-0CCD-0947-97A4155743E7}.Release|Any CPU.Build.0 = Release|Any CPU
		{CADB7DA6-49F6-67A2-FFFD-5414D90EA120}.Debug|Any CPU.ActiveCfg = Debug|Any CPU
		{CADB7DA6-49F6-67A2-FFFD-5414D90EA120}.Debug|Any CPU.Build.0 = Debug|Any CPU
		{CADB7DA6-49F6-67A2-FFFD-5414D90EA120}.Release|Any CPU.ActiveCfg = Release|Any CPU
		{CADB7DA6-49F6-67A2-FFFD-5414D90EA120}.Release|Any CPU.Build.0 = Release|Any CPU
	EndGlobalSection
	GlobalSection(SolutionProperties) = preSolution
		HideSolutionNode = FALSE
	EndGlobalSection
EndGlobal
